Microsoft Visual Studio Solution File, Format Version 12.00
# Visual Studio Version 17
VisualStudioVersion = 17.5.2.0
MinimumVisualStudioVersion = 10.0.40219.1
Project("{FAE04EC0-301F-11D3-BF4B-00C04F79EFBC}") = "PiRouterBackend", "PiRouterBackend\PiRouterBackend.csproj", "{5D2FA02F-737F-32D0-AF47-A1F6D4F5A11D}"
EndProject
Global
	GlobalSection(SolutionConfigurationPlatforms) = preSolution
		Debug|Any CPU = Debug|Any CPU
		Release|Any CPU = Release|Any CPU
	EndGlobalSection
	GlobalSection(ProjectConfigurationPlatforms) = postSolution
		{5D2FA02F-737F-32D0-AF47-A1F6D4F5A11D}.Debug|Any CPU.ActiveCfg = Debug|Any CPU
		{5D2FA02F-737F-32D0-AF47-A1F6D4F5A11D}.Debug|Any CPU.Build.0 = Debug|Any CPU
		{5D2FA02F-737F-32D0-AF47-A1F6D4F5A11D}.Release|Any CPU.ActiveCfg = Release|Any CPU
		{5D2FA02F-737F-32D0-AF47-A1F6D4F5A11D}.Release|Any CPU.Build.0 = Release|Any CPU
	EndGlobalSection
	GlobalSection(SolutionProperties) = preSolution
		HideSolutionNode = FALSE
	EndGlobalSection
	GlobalSection(ExtensibilityGlobals) = postSolution
		SolutionGuid = {0AC8A634-7322-442C-B80F-0B8A248E93F4}
	EndGlobalSection
EndGlobal
